PODS:
  - Alamofire (1.2.3)
  - Caravel (0.3.3)
  - DateTools (1.6.1)
  - Realm (0.91.5):
    - Realm/Headers (= 0.91.5)
  - Realm/Headers (0.91.5)
  - Regex (0.2.1)
  - SCLAlertView (0.3)
  - SwiftEventBus (1.1.0)
  - SwiftSpinner (0.7.0)
  - SwiftyJSON (2.2.0)

DEPENDENCIES:
  - Alamofire
  - Caravel
  - DateTools
  - Realm (= 0.91.5)
  - Realm/Headers
  - Regex
  - SCLAlertView (from `https://github.com/vikmeup/SCLAlertView-Swift.git`, tag `0.3.2`)
  - SwiftEventBus (from `https://github.com/cesarferreira/SwiftEventBus.git`)
  - SwiftSpinner
  - SwiftyJSON

EXTERNAL SOURCES:
  SCLAlertView:
    :git: https://github.com/vikmeup/SCLAlertView-Swift.git
    :tag: 0.3.2
  SwiftEventBus:
    :git: https://github.com/cesarferreira/SwiftEventBus.git

CHECKOUT OPTIONS:
  SCLAlertView:
    :git: https://github.com/vikmeup/SCLAlertView-Swift.git
    :tag: 0.3.2
  SwiftEventBus:
    :commit: 7df7098b5aa837f1815fba4a6fd344fa6d6ae0a8
    :git: https://github.com/cesarferreira/SwiftEventBus.git

SPEC CHECKSUMS:
  Alamofire: 5550bf0b575ed1a4bf9be572f9463e1015cc169e
  Caravel: 045353f8b484746b0d019f27f504b085fa87e007
  DateTools: 9bcc89e4f2f9004d8a7a2bd1b49269cf78968e65
  Realm: 670059efdb212ab939c1745a60aff27820c0a9c4
  Regex: 14d9745c19442ccdf920234e50d463ba659f58c4
  SCLAlertView: 7d1910ae5137626797d1a8e5ca9166964801881e
  SwiftEventBus: d334f7aecbddbd995c3de5c262cf35c72db550f3
  SwiftSpinner: 034bb8b00675b3e4f4c97531fa9af3f550462192
  SwiftyJSON: 0b3e6c07af17ff745e77e8e9984097b55c956e5c

COCOAPODS: 0.37.2
